// !$*UTF8*$!
{
	archiveVersion = 1;
	classes = {
	};
	objectVersion = 56;
	objects = {

/* Begin PBXBuildFile section */
		7E9D48662B4ADD5F00B9E71C /* Endpoint.swift in Sources */ = {isa = PBXBuildFile; fileRef = 7E9D48652B4ADD5F00B9E71C /* Endpoint.swift */; };
		7EBC5F072B4A74F6008256AB /* AppDelegate.swift in Sources */ = {isa = PBXBuildFile; fileRef = 7EBC5F062B4A74F6008256AB /* AppDelegate.swift */; };
		7EBC5F092B4A74F6008256AB /* SceneDelegate.swift in Sources */ = {isa = PBXBuildFile; fileRef = 7EBC5F082B4A74F6008256AB /* SceneDelegate.swift */; };
		7EBC5F0B2B4A74F6008256AB /* ViewController.swift in Sources */ = {isa = PBXBuildFile; fileRef = 7EBC5F0A2B4A74F6008256AB /* ViewController.swift */; };
		7EBC5F102B4A74F7008256AB /* Assets.xcassets in Resources */ = {isa = PBXBuildFile; fileRef = 7EBC5F0F2B4A74F7008256AB /* Assets.xcassets */; };
		7EBC5F132B4A74F7008256AB /* LaunchScreen.storyboard in Resources */ = {isa = PBXBuildFile; fileRef = 7EBC5F112B4A74F7008256AB /* LaunchScreen.storyboard */; };
		7EBC5F1D2B4A80C4008256AB /* NetworkManager.swift in Sources */ = {isa = PBXBuildFile; fileRef = 7EBC5F1C2B4A80C4008256AB /* NetworkManager.swift */; };
		7EBC5F202B4A80F2008256AB /* FashionItem.swift in Sources */ = {isa = PBXBuildFile; fileRef = 7EBC5F1F2B4A80F2008256AB /* FashionItem.swift */; };
		7EBC5F252B4A8357008256AB /* FlowLayout+Grid.swift in Sources */ = {isa = PBXBuildFile; fileRef = 7EBC5F242B4A8357008256AB /* FlowLayout+Grid.swift */; };
		7EBC5F282B4A83B6008256AB /* FashionItemCell.swift in Sources */ = {isa = PBXBuildFile; fileRef = 7EBC5F272B4A83B6008256AB /* FashionItemCell.swift */; };
		7EBC5F2A2B4A9E03008256AB /* AlertVC.swift in Sources */ = {isa = PBXBuildFile; fileRef = 7EBC5F292B4A9E03008256AB /* AlertVC.swift */; };
		7EBC5F2D2B4AA4A0008256AB /* DataFetchable.swift in Sources */ = {isa = PBXBuildFile; fileRef = 7EBC5F2C2B4AA4A0008256AB /* DataFetchable.swift */; };
/* End PBXBuildFile section */

/* Begin PBXFileReference section */
		7E9D48652B4ADD5F00B9E71C /* Endpoint.swift */ = {isa = PBXFileReference; lastKnownFileType = sourcecode.swift; path = Endpoint.swift; sourceTree = "<group>"; };
		7EBC5F032B4A74F6008256AB /* UMC-Conference-Example.app */ = {isa = PBXFileReference; explicitFileType = wrapper.application; includeInIndex = 0; path = "UMC-Conference-Example.app"; sourceTree = BUILT_PRODUCTS_DIR; };
		7EBC5F062B4A74F6008256AB /* AppDelegate.swift */ = {isa = PBXFileReference; lastKnownFileType = sourcecode.swift; path = AppDelegate.swift; sourceTree = "<group>"; };
		7EBC5F082B4A74F6008256AB /* SceneDelegate.swift */ = {isa = PBXFileReference; lastKnownFileType = sourcecode.swift; path = SceneDelegate.swift; sourceTree = "<group>"; };
		7EBC5F0A2B4A74F6008256AB /* ViewController.swift */ = {isa = PBXFileReference; lastKnownFileType = sourcecode.swift; path = ViewController.swift; sourceTree = "<group>"; };
		7EBC5F0F2B4A74F7008256AB /* Assets.xcassets */ = {isa = PBXFileReference; lastKnownFileType = folder.assetcatalog; path = Assets.xcassets; sourceTree = "<group>"; };
		7EBC5F122B4A74F7008256AB /* Base */ = {isa = PBXFileReference; lastKnownFileType = file.storyboard; name = Base; path = Base.lproj/LaunchScreen.storyboard; sourceTree = "<group>"; };
		7EBC5F142B4A74F7008256AB /* Info.plist */ = {isa = PBXFileReference; lastKnownFileType = text.plist.xml; path = Info.plist; sourceTree = "<group>"; };
		7EBC5F1C2B4A80C4008256AB /* NetworkManager.swift */ = {isa = PBXFileReference; lastKnownFileType = sourcecode.swift; path = NetworkManager.swift; sourceTree = "<group>"; };
		7EBC5F1F2B4A80F2008256AB /* FashionItem.swift */ = {isa = PBXFileReference; lastKnownFileType = sourcecode.swift; path = FashionItem.swift; sourceTree = "<group>"; };
		7EBC5F242B4A8357008256AB /* FlowLayout+Grid.swift */ = {isa = PBXFileReference; lastKnownFileType = sourcecode.swift; path = "FlowLayout+Grid.swift"; sourceTree = "<group>"; };
		7EBC5F272B4A83B6008256AB /* FashionItemCell.swift */ = {isa = PBXFileReference; lastKnownFileType = sourcecode.swift; path = FashionItemCell.swift; sourceTree = "<group>"; };
		7EBC5F292B4A9E03008256AB /* AlertVC.swift */ = {isa = PBXFileReference; lastKnownFileType = sourcecode.swift; path = AlertVC.swift; sourceTree = "<group>"; };
		7EBC5F2C2B4AA4A0008256AB /* DataFetchable.swift */ = {isa = PBXFileReference; lastKnownFileType = sourcecode.swift; path = DataFetchable.swift; sourceTree = "<group>"; };
/* End PBXFileReference section */

/* Begin PBXFrameworksBuildPhase section */
		7EBC5F002B4A74F6008256AB /* Frameworks */ = {
			isa = PBXFrameworksBuildPhase;
			buildActionMask = 2147483647;
			files = (
			);
			runOnlyForDeploymentPostprocessing = 0;
		};
/* End PBXFrameworksBuildPhase section */

/* Begin PBXGroup section */
		7EBC5EFA2B4A74F6008256AB = {
			isa = PBXGroup;
			children = (
				7EBC5F052B4A74F6008256AB /* UMC-Conference-Example */,
				7EBC5F042B4A74F6008256AB /* Products */,
			);
			sourceTree = "<group>";
		};
		7EBC5F042B4A74F6008256AB /* Products */ = {
			isa = PBXGroup;
			children = (
				7EBC5F032B4A74F6008256AB /* UMC-Conference-Example.app */,
			);
			name = Products;
			sourceTree = "<group>";
		};
		7EBC5F052B4A74F6008256AB /* UMC-Conference-Example */ = {
			isa = PBXGroup;
			children = (
				7EBC5F142B4A74F7008256AB /* Info.plist */,
				7EBC5F062B4A74F6008256AB /* AppDelegate.swift */,
				7EBC5F082B4A74F6008256AB /* SceneDelegate.swift */,
				7EBC5F2B2B4AA48F008256AB /* Protocols */,
				7EBC5F232B4A8347008256AB /* Utilities */,
				7EBC5F1E2B4A80E7008256AB /* Models */,
				7EBC5F1B2B4A8018008256AB /* Manager */,
				7EBC5F262B4A839E008256AB /* Views */,
				7EBC5F1A2B4A8016008256AB /* VC */,
				7EBC5F0F2B4A74F7008256AB /* Assets.xcassets */,
				7EBC5F112B4A74F7008256AB /* LaunchScreen.storyboard */,
			);
			path = "UMC-Conference-Example";
			sourceTree = "<group>";
		};
		7EBC5F1A2B4A8016008256AB /* VC */ = {
			isa = PBXGroup;
			children = (
				7EBC5F0A2B4A74F6008256AB /* ViewController.swift */,
				7EBC5F292B4A9E03008256AB /* AlertVC.swift */,
			);
			path = VC;
			sourceTree = "<group>";
		};
		7EBC5F1B2B4A8018008256AB /* Manager */ = {
			isa = PBXGroup;
			children = (
				7EBC5F1C2B4A80C4008256AB /* NetworkManager.swift */,
			);
			path = Manager;
			sourceTree = "<group>";
		};
		7EBC5F1E2B4A80E7008256AB /* Models */ = {
			isa = PBXGroup;
			children = (
				7EBC5F1F2B4A80F2008256AB /* FashionItem.swift */,
			);
			path = Models;
			sourceTree = "<group>";
		};
		7EBC5F232B4A8347008256AB /* Utilities */ = {
			isa = PBXGroup;
			children = (
				7E9D48652B4ADD5F00B9E71C /* Endpoint.swift */,
				7EBC5F242B4A8357008256AB /* FlowLayout+Grid.swift */,
			);
			path = Utilities;
			sourceTree = "<group>";
		};
		7EBC5F262B4A839E008256AB /* Views */ = {
			isa = PBXGroup;
			children = (
				7EBC5F272B4A83B6008256AB /* FashionItemCell.swift */,
			);
			path = Views;
			sourceTree = "<group>";
		};
		7EBC5F2B2B4AA48F008256AB /* Protocols */ = {
			isa = PBXGroup;
			children = (
				7EBC5F2C2B4AA4A0008256AB /* DataFetchable.swift */,
			);
			path = Protocols;
			sourceTree = "<group>";
		};
/* End PBXGroup section */

/* Begin PBXNativeTarget section */
		7EBC5F022B4A74F6008256AB /* UMC-Conference-Example */ = {
			isa = PBXNativeTarget;
			buildConfigurationList = 7EBC5F172B4A74F7008256AB /* Build configuration list for PBXNativeTarget "UMC-Conference-Example" */;
			buildPhases = (
				7EBC5EFF2B4A74F6008256AB /* Sources */,
				7EBC5F002B4A74F6008256AB /* Frameworks */,
				7EBC5F012B4A74F6008256AB /* Resources */,
			);
			buildRules = (
			);
			dependencies = (
			);
			name = "UMC-Conference-Example";
			productName = "UMC-Conference-Example";
			productReference = 7EBC5F032B4A74F6008256AB /* UMC-Conference-Example.app */;
			productType = "com.apple.product-type.application";
		};
/* End PBXNativeTarget section */

/* Begin PBXProject section */
		7EBC5EFB2B4A74F6008256AB /* Project object */ = {
			isa = PBXProject;
			attributes = {
				BuildIndependentTargetsInParallel = 1;
				LastSwiftUpdateCheck = 1500;
				LastUpgradeCheck = 1500;
				TargetAttributes = {
					7EBC5F022B4A74F6008256AB = {
						CreatedOnToolsVersion = 15.0.1;
					};
				};
			};
			buildConfigurationList = 7EBC5EFE2B4A74F6008256AB /* Build configuration list for PBXProject "UMC-Conference-Example" */;
			compatibilityVersion = "Xcode 14.0";
			developmentRegion = en;
			hasScannedForEncodings = 0;
			knownRegions = (
				en,
				Base,
			);
			mainGroup = 7EBC5EFA2B4A74F6008256AB;
			productRefGroup = 7EBC5F042B4A74F6008256AB /* Products */;
			projectDirPath = "";
			projectRoot = "";
			targets = (
				7EBC5F022B4A74F6008256AB /* UMC-Conference-Example */,
			);
		};
/* End PBXProject section */

/* Begin PBXResourcesBuildPhase section */
		7EBC5F012B4A74F6008256AB /* Resources */ = {
			isa = PBXResourcesBuildPhase;
			buildActionMask = 2147483647;
			files = (
				7EBC5F132B4A74F7008256AB /* LaunchScreen.storyboard in Resources */,
				7EBC5F102B4A74F7008256AB /* Assets.xcassets in Resources */,
			);
			runOnlyForDeploymentPostprocessing = 0;
		};
/* End PBXResourcesBuildPhase section */

/* Begin PBXSourcesBuildPhase section */
		7EBC5EFF2B4A74F6008256AB /* Sources */ = {
			isa = PBXSourcesBuildPhase;
			buildActionMask = 2147483647;
			files = (
				7EBC5F2D2B4AA4A0008256AB /* DataFetchable.swift in Sources */,
				7EBC5F1D2B4A80C4008256AB /* NetworkManager.swift in Sources */,
				7EBC5F2A2B4A9E03008256AB /* AlertVC.swift in Sources */,
				7EBC5F0B2B4A74F6008256AB /* ViewController.swift in Sources */,
				7EBC5F202B4A80F2008256AB /* FashionItem.swift in Sources */,
				7EBC5F072B4A74F6008256AB /* AppDelegate.swift in Sources */,
				7EBC5F252B4A8357008256AB /* FlowLayout+Grid.swift in Sources */,
				7E9D48662B4ADD5F00B9E71C /* Endpoint.swift in Sources */,
				7EBC5F092B4A74F6008256AB /* SceneDelegate.swift in Sources */,
				7EBC5F282B4A83B6008256AB /* FashionItemCell.swift in Sources */,
			);
			runOnlyForDeploymentPostprocessing = 0;
		};
/* End PBXSourcesBuildPhase section */

/* Begin PBXVariantGroup section */
		7EBC5F112B4A74F7008256AB /* LaunchScreen.storyboard */ = {
			isa = PBXVariantGroup;
			children = (
				7EBC5F122B4A74F7008256AB /* Base */,
			);
			name = LaunchScreen.storyboard;
			sourceTree = "<group>";
		};
/* End PBXVariantGroup section */

/* Begin XCBuildConfiguration section */
		7EBC5F152B4A74F7008256AB /* Debug */ = {
			isa = XCBuildConfiguration;
			buildSettings = {
				ALWAYS_SEARCH_USER_PATHS = NO;
				ASSETCATALOG_COMPILER_GENERATE_SWIFT_ASSET_SYMBOL_EXTENSIONS = YES;
				CLANG_ANALYZER_NONNULL = YES;
				CLANG_ANALYZER_NUMBER_OBJECT_CONVERSION = YES_AGGRESSIVE;
				CLANG_CXX_LANGUAGE_STANDARD = "gnu++20";
				CLANG_ENABLE_MODULES = YES;
				CLANG_ENABLE_OBJC_ARC = YES;
				CLANG_ENABLE_OBJC_WEAK = YES;
				CLANG_WARN_BLOCK_CAPTURE_AUTORELEASING = YES;
				CLANG_WARN_BOOL_CONVERSION = YES;
				CLANG_WARN_COMMA = YES;
				CLANG_WARN_CONSTANT_CONVERSION = YES;
				CLANG_WARN_DEPRECATED_OBJC_IMPLEMENTATIONS = YES;
				CLANG_WARN_DIRECT_OBJC_ISA_USAGE = YES_ERROR;
				CLANG_WARN_DOCUMENTATION_COMMENTS = YES;
				CLANG_WARN_EMPTY_BODY = YES;
				CLANG_WARN_ENUM_CONVERSION = YES;
				CLANG_WARN_INFINITE_RECURSION = YES;
				CLANG_WARN_INT_CONVERSION = YES;
				CLANG_WARN_NON_LITERAL_NULL_CONVERSION = YES;
				CLANG_WARN_OBJC_IMPLICIT_RETAIN_SELF = YES;
				CLANG_WARN_OBJC_LITERAL_CONVERSION = YES;
				CLANG_WARN_OBJC_ROOT_CLASS = YES_ERROR;
				CLANG_WARN_QUOTED_INCLUDE_IN_FRAMEWORK_HEADER = YES;
				CLANG_WARN_RANGE_LOOP_ANALYSIS = YES;
				CLANG_WARN_STRICT_PROTOTYPES = YES;
				CLANG_WARN_SUSPICIOUS_MOVE = YES;
				CLANG_WARN_UNGUARDED_AVAILABILITY = YES_AGGRESSIVE;
				CLANG_WARN_UNREACHABLE_CODE = YES;
				CLANG_WARN__DUPLICATE_METHOD_MATCH = YES;
				COPY_PHASE_STRIP = NO;
				DEBUG_INFORMATION_FORMAT = dwarf;
				ENABLE_STRICT_OBJC_MSGSEND = YES;
				ENABLE_TESTABILITY = YES;
				ENABLE_USER_SCRIPT_SANDBOXING = YES;
				GCC_C_LANGUAGE_STANDARD = gnu17;
				GCC_DYNAMIC_NO_PIC = NO;
				GCC_NO_COMMON_BLOCKS = YES;
				GCC_OPTIMIZATION_LEVEL = 0;
				GCC_PREPROCESSOR_DEFINITIONS = (
					"DEBUG=1",
					"$(inherited)",
				);
				GCC_WARN_64_TO_32_BIT_CONVERSION = YES;
				GCC_WARN_ABOUT_RETURN_TYPE = YES_ERROR;
				GCC_WARN_UNDECLARED_SELECTOR = YES;
				GCC_WARN_UNINITIALIZED_AUTOS = YES_AGGRESSIVE;
				GCC_WARN_UNUSED_FUNCTION = YES;
				GCC_WARN_UNUSED_VARIABLE = YES;
				IPHONEOS_DEPLOYMENT_TARGET = 17.0;
				LOCALIZATION_PREFERS_STRING_CATALOGS = YES;
				MTL_ENABLE_DEBUG_INFO = INCLUDE_SOURCE;
				MTL_FAST_MATH = YES;
				ONLY_ACTIVE_ARCH = YES;
				SDKROOT = iphoneos;
				SWIFT_ACTIVE_COMPILATION_CONDITIONS = "DEBUG $(inherited)";
				SWIFT_OPTIMIZATION_LEVEL = "-Onone";
			};
			name = Debug;
		};
		7EBC5F162B4A74F7008256AB /* Release */ = {
			isa = XCBuildConfiguration;
			buildSettings = {
				ALWAYS_SEARCH_USER_PATHS = NO;
				ASSETCATALOG_COMPILER_GENERATE_SWIFT_ASSET_SYMBOL_EXTENSIONS = YES;
				CLANG_ANALYZER_NONNULL = YES;
				CLANG_ANALYZER_NUMBER_OBJECT_CONVERSION = YES_AGGRESSIVE;
				CLANG_CXX_LANGUAGE_STANDARD = "gnu++20";
				CLANG_ENABLE_MODULES = YES;
				CLANG_ENABLE_OBJC_ARC = YES;
				CLANG_ENABLE_OBJC_WEAK = YES;
				CLANG_WARN_BLOCK_CAPTURE_AUTORELEASING = YES;
				CLANG_WARN_BOOL_CONVERSION = YES;
				CLANG_WARN_COMMA = YES;
				CLANG_WARN_CONSTANT_CONVERSION = YES;
				CLANG_WARN_DEPRECATED_OBJC_IMPLEMENTATIONS = YES;
				CLANG_WARN_DIRECT_OBJC_ISA_USAGE = YES_ERROR;
				CLANG_WARN_DOCUMENTATION_COMMENTS = YES;
				CLANG_WARN_EMPTY_BODY = YES;
				CLANG_WARN_ENUM_CONVERSION = YES;
				CLANG_WARN_INFINITE_RECURSION = YES;
				CLANG_WARN_INT_CONVERSION = YES;
				CLANG_WARN_NON_LITERAL_NULL_CONVERSION = YES;
				CLANG_WARN_OBJC_IMPLICIT_RETAIN_SELF = YES;
				CLANG_WARN_OBJC_LITERAL_CONVERSION = YES;
				CLANG_WARN_OBJC_ROOT_CLASS = YES_ERROR;
				CLANG_WARN_QUOTED_INCLUDE_IN_FRAMEWORK_HEADER = YES;
				CLANG_WARN_RANGE_LOOP_ANALYSIS = YES;
				CLANG_WARN_STRICT_PROTOTYPES = YES;
				CLANG_WARN_SUSPICIOUS_MOVE = YES;
				CLANG_WARN_UNGUARDED_AVAILABILITY = YES_AGGRESSIVE;
				CLANG_WARN_UNREACHABLE_CODE = YES;
				CLANG_WARN__DUPLICATE_METHOD_MATCH = YES;
				COPY_PHASE_STRIP = NO;
				DEBUG_INFORMATION_FORMAT = "dwarf-with-dsym";
				ENABLE_NS_ASSERTIONS = NO;
				ENABLE_STRICT_OBJC_MSGSEND = YES;
				ENABLE_USER_SCRIPT_SANDBOXING = YES;
				GCC_C_LANGUAGE_STANDARD = gnu17;
				GCC_NO_COMMON_BLOCKS = YES;
				GCC_WARN_64_TO_32_BIT_CONVERSION = YES;
				GCC_WARN_ABOUT_RETURN_TYPE = YES_ERROR;
				GCC_WARN_UNDECLARED_SELECTOR = YES;
				GCC_WARN_UNINITIALIZED_AUTOS = YES_AGGRESSIVE;
				GCC_WARN_UNUSED_FUNCTION = YES;
				GCC_WARN_UNUSED_VARIABLE = YES;
				IPHONEOS_DEPLOYMENT_TARGET = 17.0;
				LOCALIZATION_PREFERS_STRING_CATALOGS = YES;
				MTL_ENABLE_DEBUG_INFO = NO;
				MTL_FAST_MATH = YES;
				SDKROOT = iphoneos;
				SWIFT_COMPILATION_MODE = wholemodule;
				VALIDATE_PRODUCT = YES;
			};
			name = Release;
		};
		7EBC5F182B4A74F7008256AB /* Debug */ = {
			isa = XCBuildConfiguration;
			buildSettings = {
				ASSETCATALOG_COMPILER_APPICON_NAME = AppIcon;
				ASSETCATALOG_COMPILER_GLOBAL_ACCENT_COLOR_NAME = AccentColor;
				CODE_SIGN_STYLE = Automatic;
				CURRENT_PROJECT_VERSION = 1;
				DEVELOPMENT_TEAM = 67M6ZS7KS6;
				GENERATE_INFOPLIST_FILE = YES;
				INFOPLIST_FILE = "UMC-Conference-Example/Info.plist";
				INFOPLIST_KEY_UIApplicationSupportsIndirectInputEvents = YES;
				INFOPLIST_KEY_UILaunchStoryboardName = LaunchScreen;
				INFOPLIST_KEY_UISupportedInterfaceOrientations = UIInterfaceOrientationPortrait;
				INFOPLIST_KEY_UISupportedInterfaceOrientations_iPad = "UIInterfaceOrientationLandscapeLeft UIInterfaceOrientationLandscapeRight UIInterfaceOrientationPortrait UIInterfaceOrientationPortraitUpsideDown";
				LD_RUNPATH_SEARCH_PATHS = (
					"$(inherited)",
					"@executable_path/Frameworks",
				);
				MARKETING_VERSION = 1.0;
				PRODUCT_BUNDLE_IDENTIFIER = "com.Celan.UMC-Conference-Example";
				PRODUCT_NAME = "$(TARGET_NAME)";
				SWIFT_EMIT_LOC_STRINGS = YES;
				SWIFT_VERSION = 5.0;
				TARGETED_DEVICE_FAMILY = "1,2";
			};
			name = Debug;
		};
		7EBC5F192B4A74F7008256AB /* Release */ = {
			isa = XCBuildConfiguration;
			buildSettings = {
				ASSETCATALOG_COMPILER_APPICON_NAME = AppIcon;
				ASSETCATALOG_COMPILER_GLOBAL_ACCENT_COLOR_NAME = AccentColor;
				CODE_SIGN_STYLE = Automatic;
				CURRENT_PROJECT_VERSION = 1;
				DEVELOPMENT_TEAM = 67M6ZS7KS6;
				GENERATE_INFOPLIST_FILE = YES;
				INFOPLIST_FILE = "UMC-Conference-Example/Info.plist";
				INFOPLIST_KEY_UIApplicationSupportsIndirectInputEvents = YES;
				INFOPLIST_KEY_UILaunchStoryboardName = LaunchScreen;
				INFOPLIST_KEY_UISupportedInterfaceOrientations = UIInterfaceOrientationPortrait;
				INFOPLIST_KEY_UISupportedInterfaceOrientations_iPad = "UIInterfaceOrientationLandscapeLeft UIInterfaceOrientationLandscapeRight UIInterfaceOrientationPortrait UIInterfaceOrientationPortraitUpsideDown";
				LD_RUNPATH_SEARCH_PATHS = (
					"$(inherited)",
					"@executable_path/Frameworks",
				);
				MARKETING_VERSION = 1.0;
				PRODUCT_BUNDLE_IDENTIFIER = "com.Celan.UMC-Conference-Example";
				PRODUCT_NAME = "$(TARGET_NAME)";
				SWIFT_EMIT_LOC_STRINGS = YES;
				SWIFT_VERSION = 5.0;
				TARGETED_DEVICE_FAMILY = "1,2";
			};
			name = Release;
		};
/* End XCBuildConfiguration section */

/* Begin XCConfigurationList section */
		7EBC5EFE2B4A74F6008256AB /* Build configuration list for PBXProject "UMC-Conference-Example" */ = {
			isa = XCConfigurationList;
			buildConfigurations = (
				7EBC5F152B4A74F7008256AB /* Debug */,
				7EBC5F162B4A74F7008256AB /* Release */,
			);
			defaultConfigurationIsVisible = 0;
			defaultConfigurationName = Release;
		};
		7EBC5F172B4A74F7008256AB /* Build configuration list for PBXNativeTarget "UMC-Conference-Example" */ = {
			isa = XCConfigurationList;
			buildConfigurations = (
				7EBC5F182B4A74F7008256AB /* Debug */,
				7EBC5F192B4A74F7008256AB /* Release */,
			);
			defaultConfigurationIsVisible = 0;
			defaultConfigurationName = Release;
		};
/* End XCConfigurationList section */
	};
	rootObject = 7EBC5EFB2B4A74F6008256AB /* Project object */;
}
